
Microsoft Visual Studio Solution File, Format Version 12.00
# Visual Studio 15
VisualStudioVersion = 15.0.28307.168
MinimumVisualStudioVersion = 10.0.40219.1
Project("{FAE04EC0-301F-11D3-BF4B-00C04F79EFBC}") = "Opdracht_1", "Opdracht_1\Opdracht_1.csproj", "{40CA1AAC-F0B2-4198-BD3F-4C6E856859EC}"
EndProject
Project("{FAE04EC0-301F-11D3-BF4B-00C04F79EFBC}") = "Opdracht_2", "Opdracht_2\Opdracht_2.csproj", "{07E9EEF0-4570-4A21-8037-AC18BC37F8B2}"
EndProject
Global
	GlobalSection(SolutionConfigurationPlatforms) = preSolution
		Debug|Any CPU = Debug|Any CPU
		Release|Any CPU = Release|Any CPU
	EndGlobalSection
	GlobalSection(ProjectConfigurationPlatforms) = postSolution
		{40CA1AAC-F0B2-4198-BD3F-4C6E856859EC}.Debug|Any CPU.ActiveCfg = Debug|Any CPU
		{40CA1AAC-F0B2-4198-BD3F-4C6E856859EC}.Debug|Any CPU.Build.0 = Debug|Any CPU
		{40CA1AAC-F0B2-4198-BD3F-4C6E856859EC}.Release|Any CPU.ActiveCfg = Release|Any CPU
		{40CA1AAC-F0B2-4198-BD3F-4C6E856859EC}.Release|Any CPU.Build.0 = Release|Any CPU
		{07E9EEF0-4570-4A21-8037-AC18BC37F8B2}.Debug|Any CPU.ActiveCfg = Debug|Any CPU
		{07E9EEF0-4570-4A21-8037-AC18BC37F8B2}.Debug|Any CPU.Build.0 = Debug|Any CPU
		{07E9EEF0-4570-4A21-8037-AC18BC37F8B2}.Release|Any CPU.ActiveCfg = Release|Any CPU
		{07E9EEF0-4570-4A21-8037-AC18BC37F8B2}.Release|Any CPU.Build.0 = Release|Any CPU
	EndGlobalSection
	GlobalSection(SolutionProperties) = preSolution
		HideSolutionNode = FALSE
	EndGlobalSection
	GlobalSection(ExtensibilityGlobals) = postSolution
		SolutionGuid = {B16C8A67-7A46-4253-8A38-94C8C013B7DF}
	EndGlobalSection
EndGlobal
