
Microsoft Visual Studio Solution File, Format Version 12.00
# Visual Studio 15
VisualStudioVersion = 15.0.28307.168
MinimumVisualStudioVersion = 10.0.40219.1
Project("{FAE04EC0-301F-11D3-BF4B-00C04F79EFBC}") = "Opdracht_1", "Opdracht_1\Opdracht_1.csproj", "{40CA1AAC-F0B2-4198-BD3F-4C6E856859EC}"
EndProject
Project("{FAE04EC0-301F-11D3-BF4B-00C04F79EFBC}") = "Opdracht_2", "Opdracht_2\Opdracht_2.csproj", "{07E9EEF0-4570-4A21-8037-AC18BC37F8B2}"
EndProject
Project("{2150E333-8FDC-42A3-9474-1A3956D46DE8}") = "week_1", "week_1", "{210045E7-421E-4DF2-A3F3-445020D48CAF}"
EndProject
Project("{FAE04EC0-301F-11D3-BF4B-00C04F79EFBC}") = "Opdracht_3", "Opdracht_3\Opdracht_3.csproj", "{57CB959D-51D4-443F-851A-2FB4A790CD95}"
EndProject
Project("{2150E333-8FDC-42A3-9474-1A3956D46DE8}") = "week_2", "week_2", "{1AE566D5-D132-49C3-9853-85AA254DE38A}"
EndProject
Project("{FAE04EC0-301F-11D3-BF4B-00C04F79EFBC}") = "Opdracht-1", "Opdracht-1\Opdracht-1.csproj", "{779BBE71-DEF7-4E54-8049-174BCF71B337}"
EndProject
Project("{FAE04EC0-301F-11D3-BF4B-00C04F79EFBC}") = "Opdracht-2", "..\ConwayGameOfLife-student\Opdracht-2.csproj", "{B173BA7E-1DC2-4B08-B4C6-168A2C05C6B0}"
EndProject
Project("{FAE04EC0-301F-11D3-BF4B-00C04F79EFBC}") = "Opdracht-3", "Opdracht-3\Opdracht-3.csproj", "{4D94CF46-1B9F-49B7-8639-D7D52F35BB6D}"
EndProject
Global
	GlobalSection(SolutionConfigurationPlatforms) = preSolution
		Debug|Any CPU = Debug|Any CPU
		Release|Any CPU = Release|Any CPU
	EndGlobalSection
	GlobalSection(ProjectConfigurationPlatforms) = postSolution
		{40CA1AAC-F0B2-4198-BD3F-4C6E856859EC}.Debug|Any CPU.ActiveCfg = Debug|Any CPU
		{40CA1AAC-F0B2-4198-BD3F-4C6E856859EC}.Debug|Any CPU.Build.0 = Debug|Any CPU
		{40CA1AAC-F0B2-4198-BD3F-4C6E856859EC}.Release|Any CPU.ActiveCfg = Release|Any CPU
		{40CA1AAC-F0B2-4198-BD3F-4C6E856859EC}.Release|Any CPU.Build.0 = Release|Any CPU
		{07E9EEF0-4570-4A21-8037-AC18BC37F8B2}.Debug|Any CPU.ActiveCfg = Debug|Any CPU
		{07E9EEF0-4570-4A21-8037-AC18BC37F8B2}.Debug|Any CPU.Build.0 = Debug|Any CPU
		{07E9EEF0-4570-4A21-8037-AC18BC37F8B2}.Release|Any CPU.ActiveCfg = Release|Any CPU
		{07E9EEF0-4570-4A21-8037-AC18BC37F8B2}.Release|Any CPU.Build.0 = Release|Any CPU
		{57CB959D-51D4-443F-851A-2FB4A790CD95}.Debug|Any CPU.ActiveCfg = Debug|Any CPU
		{57CB959D-51D4-443F-851A-2FB4A790CD95}.Debug|Any CPU.Build.0 = Debug|Any CPU
		{57CB959D-51D4-443F-851A-2FB4A790CD95}.Release|Any CPU.ActiveCfg = Release|Any CPU
		{57CB959D-51D4-443F-851A-2FB4A790CD95}.Release|Any CPU.Build.0 = Release|Any CPU
		{779BBE71-DEF7-4E54-8049-174BCF71B337}.Debug|Any CPU.ActiveCfg = Debug|Any CPU
		{779BBE71-DEF7-4E54-8049-174BCF71B337}.Debug|Any CPU.Build.0 = Debug|Any CPU
		{779BBE71-DEF7-4E54-8049-174BCF71B337}.Release|Any CPU.ActiveCfg = Release|Any CPU
		{779BBE71-DEF7-4E54-8049-174BCF71B337}.Release|Any CPU.Build.0 = Release|Any CPU
		{B173BA7E-1DC2-4B08-B4C6-168A2C05C6B0}.Debug|Any CPU.ActiveCfg = Debug|Any CPU
		{B173BA7E-1DC2-4B08-B4C6-168A2C05C6B0}.Debug|Any CPU.Build.0 = Debug|Any CPU
		{B173BA7E-1DC2-4B08-B4C6-168A2C05C6B0}.Release|Any CPU.ActiveCfg = Release|Any CPU
		{B173BA7E-1DC2-4B08-B4C6-168A2C05C6B0}.Release|Any CPU.Build.0 = Release|Any CPU
		{4D94CF46-1B9F-49B7-8639-D7D52F35BB6D}.Debug|Any CPU.ActiveCfg = Debug|Any CPU
		{4D94CF46-1B9F-49B7-8639-D7D52F35BB6D}.Debug|Any CPU.Build.0 = Debug|Any CPU
		{4D94CF46-1B9F-49B7-8639-D7D52F35BB6D}.Release|Any CPU.ActiveCfg = Release|Any CPU
		{4D94CF46-1B9F-49B7-8639-D7D52F35BB6D}.Release|Any CPU.Build.0 = Release|Any CPU
	EndGlobalSection
	GlobalSection(SolutionProperties) = preSolution
		HideSolutionNode = FALSE
	EndGlobalSection
	GlobalSection(NestedProjects) = preSolution
		{40CA1AAC-F0B2-4198-BD3F-4C6E856859EC} = {210045E7-421E-4DF2-A3F3-445020D48CAF}
		{07E9EEF0-4570-4A21-8037-AC18BC37F8B2} = {210045E7-421E-4DF2-A3F3-445020D48CAF}
		{57CB959D-51D4-443F-851A-2FB4A790CD95} = {210045E7-421E-4DF2-A3F3-445020D48CAF}
		{779BBE71-DEF7-4E54-8049-174BCF71B337} = {1AE566D5-D132-49C3-9853-85AA254DE38A}
		{B173BA7E-1DC2-4B08-B4C6-168A2C05C6B0} = {1AE566D5-D132-49C3-9853-85AA254DE38A}
		{4D94CF46-1B9F-49B7-8639-D7D52F35BB6D} = {1AE566D5-D132-49C3-9853-85AA254DE38A}
	EndGlobalSection
	GlobalSection(ExtensibilityGlobals) = postSolution
		SolutionGuid = {B16C8A67-7A46-4253-8A38-94C8C013B7DF}
	EndGlobalSection
EndGlobal
